
Microsoft Visual Studio Solution File, Format Version 12.00
# Visual Studio Version 16
VisualStudioVersion = 16.0.29311.281
MinimumVisualStudioVersion = 10.0.40219.1
Project("{9A19103F-16F7-4668-BE54-9A1E7A4F7556}") = "BlazorUsersRoles", "BlazorUsersRoles\BlazorUsersRoles.csproj", "{8AF5B833-984E-44F6-9780-4758330E2C58}"
EndProject
Global
	GlobalSection(SolutionConfigurationPlatforms) = preSolution
		Debug|Any CPU = Debug|Any CPU
		Release|Any CPU = Release|Any CPU
	EndGlobalSection
	GlobalSection(ProjectConfigurationPlatforms) = postSolution
		{8AF5B833-984E-44F6-9780-4758330E2C58}.Debug|Any CPU.ActiveCfg = Debug|Any CPU
		{8AF5B833-984E-44F6-9780-4758330E2C58}.Debug|Any CPU.Build.0 = Debug|Any CPU
		{8AF5B833-984E-44F6-9780-4758330E2C58}.Release|Any CPU.ActiveCfg = Release|Any CPU
		{8AF5B833-984E-44F6-9780-4758330E2C58}.Release|Any CPU.Build.0 = Release|Any CPU
	EndGlobalSection
	GlobalSection(SolutionProperties) = preSolution
		HideSolutionNode = FALSE
	EndGlobalSection
	GlobalSection(ExtensibilityGlobals) = postSolution
		SolutionGuid = {EA3D0579-CDBD-40BD-89E0-FA7190B6C2AA}
	EndGlobalSection
EndGlobal
